
Microsoft Visual Studio Solution File, Format Version 12.00
# Visual Studio 14
VisualStudioVersion = 14.0.24720.0
MinimumVisualStudioVersion = 10.0.40219.1
Project("{FAE04EC0-301F-11D3-BF4B-00C04F79EFBC}") = "D1T7", "D1T7\D1T7.csproj", "{AD5011B0-ABE4-4015-9413-64424C863093}"
EndProject
Global
	GlobalSection(SolutionConfigurationPlatforms) = preSolution
		Debug|Any CPU = Debug|Any CPU
		Release|Any CPU = Release|Any CPU
	EndGlobalSection
	GlobalSection(ProjectConfigurationPlatforms) = postSolution
		{AD5011B0-ABE4-4015-9413-64424C863093}.Debug|Any CPU.ActiveCfg = Debug|Any CPU
		{AD5011B0-ABE4-4015-9413-64424C863093}.Debug|Any CPU.Build.0 = Debug|Any CPU
		{AD5011B0-ABE4-4015-9413-64424C863093}.Release|Any CPU.ActiveCfg = Release|Any CPU
		{AD5011B0-ABE4-4015-9413-64424C863093}.Release|Any CPU.Build.0 = Release|Any CPU
	EndGlobalSection
	GlobalSection(SolutionProperties) = preSolution
		HideSolutionNode = FALSE
	EndGlobalSection
EndGlobal
